// !$*UTF8*$!
{
	archiveVersion = 1;
	classes = {
	};
	objectVersion = 55;
	objects = {

/* Begin PBXBuildFile section */
		2D730BBD27C7C759008A9AF6 /* CarExmapleApp.swift in Sources */ = {isa = PBXBuildFile; fileRef = 2D730BBC27C7C759008A9AF6 /* CarExmapleApp.swift */; };
		2D730BBF27C7C759008A9AF6 /* ContentView.swift in Sources */ = {isa = PBXBuildFile; fileRef = 2D730BBE27C7C759008A9AF6 /* ContentView.swift */; };
		2D730BC127C7C75D008A9AF6 /* Assets.xcassets in Resources */ = {isa = PBXBuildFile; fileRef = 2D730BC027C7C75D008A9AF6 /* Assets.xcassets */; };
		2D730BC427C7C75D008A9AF6 /* Preview Assets.xcassets in Resources */ = {isa = PBXBuildFile; fileRef = 2D730BC327C7C75D008A9AF6 /* Preview Assets.xcassets */; };
		2D730BD127C7C880008A9AF6 /* CarInfoBasic.swift in Sources */ = {isa = PBXBuildFile; fileRef = 2D730BD027C7C880008A9AF6 /* CarInfoBasic.swift */; };
		2D730BD427C7CC5F008A9AF6 /* CarInfoDetails.swift in Sources */ = {isa = PBXBuildFile; fileRef = 2D730BD327C7CC5F008A9AF6 /* CarInfoDetails.swift */; };
		2D730BD627C7CE25008A9AF6 /* CarInfoPhotos.swift in Sources */ = {isa = PBXBuildFile; fileRef = 2D730BD527C7CE25008A9AF6 /* CarInfoPhotos.swift */; };
/* End PBXBuildFile section */

/* Begin PBXFileReference section */
		2D730BB927C7C759008A9AF6 /* CarExmaple.app */ = {isa = PBXFileReference; explicitFileType = wrapper.application; includeInIndex = 0; path = CarExmaple.app; sourceTree = BUILT_PRODUCTS_DIR; };
		2D730BBC27C7C759008A9AF6 /* CarExmapleApp.swift */ = {isa = PBXFileReference; lastKnownFileType = sourcecode.swift; path = CarExmapleApp.swift; sourceTree = "<group>"; };
		2D730BBE27C7C759008A9AF6 /* ContentView.swift */ = {isa = PBXFileReference; lastKnownFileType = sourcecode.swift; path = ContentView.swift; sourceTree = "<group>"; };
		2D730BC027C7C75D008A9AF6 /* Assets.xcassets */ = {isa = PBXFileReference; lastKnownFileType = folder.assetcatalog; path = Assets.xcassets; sourceTree = "<group>"; };
		2D730BC327C7C75D008A9AF6 /* Preview Assets.xcassets */ = {isa = PBXFileReference; lastKnownFileType = folder.assetcatalog; path = "Preview Assets.xcassets"; sourceTree = "<group>"; };
		2D730BD027C7C880008A9AF6 /* CarInfoBasic.swift */ = {isa = PBXFileReference; lastKnownFileType = sourcecode.swift; path = CarInfoBasic.swift; sourceTree = "<group>"; };
		2D730BD327C7CC5F008A9AF6 /* CarInfoDetails.swift */ = {isa = PBXFileReference; lastKnownFileType = sourcecode.swift; path = CarInfoDetails.swift; sourceTree = "<group>"; };
		2D730BD527C7CE25008A9AF6 /* CarInfoPhotos.swift */ = {isa = PBXFileReference; lastKnownFileType = sourcecode.swift; path = CarInfoPhotos.swift; sourceTree = "<group>"; };
/* End PBXFileReference section */

/* Begin PBXFrameworksBuildPhase section */
		2D730BB627C7C759008A9AF6 /* Frameworks */ = {
			isa = PBXFrameworksBuildPhase;
			buildActionMask = 2147483647;
			files = (
			);
			runOnlyForDeploymentPostprocessing = 0;
		};
/* End PBXFrameworksBuildPhase section */

/* Begin PBXGroup section */
		2D730BB027C7C759008A9AF6 = {
			isa = PBXGroup;
			children = (
				2D730BBB27C7C759008A9AF6 /* CarExmaple */,
				2D730BBA27C7C759008A9AF6 /* Products */,
			);
			sourceTree = "<group>";
		};
		2D730BBA27C7C759008A9AF6 /* Products */ = {
			isa = PBXGroup;
			children = (
				2D730BB927C7C759008A9AF6 /* CarExmaple.app */,
			);
			name = Products;
			sourceTree = "<group>";
		};
		2D730BBB27C7C759008A9AF6 /* CarExmaple */ = {
			isa = PBXGroup;
			children = (
				2D730BCF27C7C7F2008A9AF6 /* Application */,
				2D730BCE27C7C7A7008A9AF6 /* Utilities */,
				2D730BCD27C7C796008A9AF6 /* Supporting views */,
				2D730BCC27C7C78F008A9AF6 /* Models */,
				2D730BCB27C7C785008A9AF6 /* View Models */,
				2D730BCA27C7C77E008A9AF6 /* Views */,
				2D730BC227C7C75D008A9AF6 /* Preview Content */,
			);
			path = CarExmaple;
			sourceTree = "<group>";
		};
		2D730BC227C7C75D008A9AF6 /* Preview Content */ = {
			isa = PBXGroup;
			children = (
				2D730BC327C7C75D008A9AF6 /* Preview Assets.xcassets */,
			);
			path = "Preview Content";
			sourceTree = "<group>";
		};
		2D730BCA27C7C77E008A9AF6 /* Views */ = {
			isa = PBXGroup;
			children = (
				2D730BBE27C7C759008A9AF6 /* ContentView.swift */,
			);
			path = Views;
			sourceTree = "<group>";
		};
		2D730BCB27C7C785008A9AF6 /* View Models */ = {
			isa = PBXGroup;
			children = (
			);
			path = "View Models";
			sourceTree = "<group>";
		};
		2D730BCC27C7C78F008A9AF6 /* Models */ = {
			isa = PBXGroup;
			children = (
			);
			path = Models;
			sourceTree = "<group>";
		};
		2D730BCD27C7C796008A9AF6 /* Supporting views */ = {
			isa = PBXGroup;
			children = (
				2D730BD227C7C885008A9AF6 /* Car_info */,
			);
			path = "Supporting views";
			sourceTree = "<group>";
		};
		2D730BCE27C7C7A7008A9AF6 /* Utilities */ = {
			isa = PBXGroup;
			children = (
			);
			path = Utilities;
			sourceTree = "<group>";
		};
		2D730BCF27C7C7F2008A9AF6 /* Application */ = {
			isa = PBXGroup;
			children = (
				2D730BC027C7C75D008A9AF6 /* Assets.xcassets */,
				2D730BBC27C7C759008A9AF6 /* CarExmapleApp.swift */,
			);
			path = Application;
			sourceTree = "<group>";
		};
		2D730BD227C7C885008A9AF6 /* Car_info */ = {
			isa = PBXGroup;
			children = (
				2D730BD027C7C880008A9AF6 /* CarInfoBasic.swift */,
				2D730BD327C7CC5F008A9AF6 /* CarInfoDetails.swift */,
				2D730BD527C7CE25008A9AF6 /* CarInfoPhotos.swift */,
			);
			path = Car_info;
			sourceTree = "<group>";
		};
/* End PBXGroup section */

/* Begin PBXNativeTarget section */
		2D730BB827C7C759008A9AF6 /* CarExmaple */ = {
			isa = PBXNativeTarget;
			buildConfigurationList = 2D730BC727C7C75D008A9AF6 /* Build configuration list for PBXNativeTarget "CarExmaple" */;
			buildPhases = (
				2D730BB527C7C759008A9AF6 /* Sources */,
				2D730BB627C7C759008A9AF6 /* Frameworks */,
				2D730BB727C7C759008A9AF6 /* Resources */,
			);
			buildRules = (
			);
			dependencies = (
			);
			name = CarExmaple;
			productName = CarExmaple;
			productReference = 2D730BB927C7C759008A9AF6 /* CarExmaple.app */;
			productType = "com.apple.product-type.application";
		};
/* End PBXNativeTarget section */

/* Begin PBXProject section */
		2D730BB127C7C759008A9AF6 /* Project object */ = {
			isa = PBXProject;
			attributes = {
				BuildIndependentTargetsInParallel = 1;
				LastSwiftUpdateCheck = 1320;
				LastUpgradeCheck = 1320;
				TargetAttributes = {
					2D730BB827C7C759008A9AF6 = {
						CreatedOnToolsVersion = 13.2.1;
					};
				};
			};
			buildConfigurationList = 2D730BB427C7C759008A9AF6 /* Build configuration list for PBXProject "CarExmaple" */;
			compatibilityVersion = "Xcode 13.0";
			developmentRegion = en;
			hasScannedForEncodings = 0;
			knownRegions = (
				en,
				Base,
			);
			mainGroup = 2D730BB027C7C759008A9AF6;
			productRefGroup = 2D730BBA27C7C759008A9AF6 /* Products */;
			projectDirPath = "";
			projectRoot = "";
			targets = (
				2D730BB827C7C759008A9AF6 /* CarExmaple */,
			);
		};
/* End PBXProject section */

/* Begin PBXResourcesBuildPhase section */
		2D730BB727C7C759008A9AF6 /* Resources */ = {
			isa = PBXResourcesBuildPhase;
			buildActionMask = 2147483647;
			files = (
				2D730BC427C7C75D008A9AF6 /* Preview Assets.xcassets in Resources */,
				2D730BC127C7C75D008A9AF6 /* Assets.xcassets in Resources */,
			);
			runOnlyForDeploymentPostprocessing = 0;
		};
/* End PBXResourcesBuildPhase section */

/* Begin PBXSourcesBuildPhase section */
		2D730BB527C7C759008A9AF6 /* Sources */ = {
			isa = PBXSourcesBuildPhase;
			buildActionMask = 2147483647;
			files = (
				2D730BD627C7CE25008A9AF6 /* CarInfoPhotos.swift in Sources */,
				2D730BBF27C7C759008A9AF6 /* ContentView.swift in Sources */,
				2D730BD127C7C880008A9AF6 /* CarInfoBasic.swift in Sources */,
				2D730BBD27C7C759008A9AF6 /* CarExmapleApp.swift in Sources */,
				2D730BD427C7CC5F008A9AF6 /* CarInfoDetails.swift in Sources */,
			);
			runOnlyForDeploymentPostprocessing = 0;
		};
/* End PBXSourcesBuildPhase section */

/* Begin XCBuildConfiguration section */
		2D730BC527C7C75D008A9AF6 /* Debug */ = {
			isa = XCBuildConfiguration;
			buildSettings = {
				ALWAYS_SEARCH_USER_PATHS = NO;
				CLANG_ANALYZER_NONNULL = YES;
				CLANG_ANALYZER_NUMBER_OBJECT_CONVERSION = YES_AGGRESSIVE;
				CLANG_CXX_LANGUAGE_STANDARD = "gnu++17";
				CLANG_CXX_LIBRARY = "libc++";
				CLANG_ENABLE_MODULES = YES;
				CLANG_ENABLE_OBJC_ARC = YES;
				CLANG_ENABLE_OBJC_WEAK = YES;
				CLANG_WARN_BLOCK_CAPTURE_AUTORELEASING = YES;
				CLANG_WARN_BOOL_CONVERSION = YES;
				CLANG_WARN_COMMA = YES;
				CLANG_WARN_CONSTANT_CONVERSION = YES;
				CLANG_WARN_DEPRECATED_OBJC_IMPLEMENTATIONS = YES;
				CLANG_WARN_DIRECT_OBJC_ISA_USAGE = YES_ERROR;
				CLANG_WARN_DOCUMENTATION_COMMENTS = YES;
				CLANG_WARN_EMPTY_BODY = YES;
				CLANG_WARN_ENUM_CONVERSION = YES;
				CLANG_WARN_INFINITE_RECURSION = YES;
				CLANG_WARN_INT_CONVERSION = YES;
				CLANG_WARN_NON_LITERAL_NULL_CONVERSION = YES;
				CLANG_WARN_OBJC_IMPLICIT_RETAIN_SELF = YES;
				CLANG_WARN_OBJC_LITERAL_CONVERSION = YES;
				CLANG_WARN_OBJC_ROOT_CLASS = YES_ERROR;
				CLANG_WARN_QUOTED_INCLUDE_IN_FRAMEWORK_HEADER = YES;
				CLANG_WARN_RANGE_LOOP_ANALYSIS = YES;
				CLANG_WARN_STRICT_PROTOTYPES = YES;
				CLANG_WARN_SUSPICIOUS_MOVE = YES;
				CLANG_WARN_UNGUARDED_AVAILABILITY = YES_AGGRESSIVE;
				CLANG_WARN_UNREACHABLE_CODE = YES;
				CLANG_WARN__DUPLICATE_METHOD_MATCH = YES;
				COPY_PHASE_STRIP = NO;
				DEBUG_INFORMATION_FORMAT = dwarf;
				ENABLE_STRICT_OBJC_MSGSEND = YES;
				ENABLE_TESTABILITY = YES;
				GCC_C_LANGUAGE_STANDARD = gnu11;
				GCC_DYNAMIC_NO_PIC = NO;
				GCC_NO_COMMON_BLOCKS = YES;
				GCC_OPTIMIZATION_LEVEL = 0;
				GCC_PREPROCESSOR_DEFINITIONS = (
					"DEBUG=1",
					"$(inherited)",
				);
				GCC_WARN_64_TO_32_BIT_CONVERSION = YES;
				GCC_WARN_ABOUT_RETURN_TYPE = YES_ERROR;
				GCC_WARN_UNDECLARED_SELECTOR = YES;
				GCC_WARN_UNINITIALIZED_AUTOS = YES_AGGRESSIVE;
				GCC_WARN_UNUSED_FUNCTION = YES;
				GCC_WARN_UNUSED_VARIABLE = YES;
				IPHONEOS_DEPLOYMENT_TARGET = 15.2;
				MTL_ENABLE_DEBUG_INFO = INCLUDE_SOURCE;
				MTL_FAST_MATH = YES;
				ONLY_ACTIVE_ARCH = YES;
				SDKROOT = iphoneos;
				SWIFT_ACTIVE_COMPILATION_CONDITIONS = DEBUG;
				SWIFT_OPTIMIZATION_LEVEL = "-Onone";
			};
			name = Debug;
		};
		2D730BC627C7C75D008A9AF6 /* Release */ = {
			isa = XCBuildConfiguration;
			buildSettings = {
				ALWAYS_SEARCH_USER_PATHS = NO;
				CLANG_ANALYZER_NONNULL = YES;
				CLANG_ANALYZER_NUMBER_OBJECT_CONVERSION = YES_AGGRESSIVE;
				CLANG_CXX_LANGUAGE_STANDARD = "gnu++17";
				CLANG_CXX_LIBRARY = "libc++";
				CLANG_ENABLE_MODULES = YES;
				CLANG_ENABLE_OBJC_ARC = YES;
				CLANG_ENABLE_OBJC_WEAK = YES;
				CLANG_WARN_BLOCK_CAPTURE_AUTORELEASING = YES;
				CLANG_WARN_BOOL_CONVERSION = YES;
				CLANG_WARN_COMMA = YES;
				CLANG_WARN_CONSTANT_CONVERSION = YES;
				CLANG_WARN_DEPRECATED_OBJC_IMPLEMENTATIONS = YES;
				CLANG_WARN_DIRECT_OBJC_ISA_USAGE = YES_ERROR;
				CLANG_WARN_DOCUMENTATION_COMMENTS = YES;
				CLANG_WARN_EMPTY_BODY = YES;
				CLANG_WARN_ENUM_CONVERSION = YES;
				CLANG_WARN_INFINITE_RECURSION = YES;
				CLANG_WARN_INT_CONVERSION = YES;
				CLANG_WARN_NON_LITERAL_NULL_CONVERSION = YES;
				CLANG_WARN_OBJC_IMPLICIT_RETAIN_SELF = YES;
				CLANG_WARN_OBJC_LITERAL_CONVERSION = YES;
				CLANG_WARN_OBJC_ROOT_CLASS = YES_ERROR;
				CLANG_WARN_QUOTED_INCLUDE_IN_FRAMEWORK_HEADER = YES;
				CLANG_WARN_RANGE_LOOP_ANALYSIS = YES;
				CLANG_WARN_STRICT_PROTOTYPES = YES;
				CLANG_WARN_SUSPICIOUS_MOVE = YES;
				CLANG_WARN_UNGUARDED_AVAILABILITY = YES_AGGRESSIVE;
				CLANG_WARN_UNREACHABLE_CODE = YES;
				CLANG_WARN__DUPLICATE_METHOD_MATCH = YES;
				COPY_PHASE_STRIP = NO;
				DEBUG_INFORMATION_FORMAT = "dwarf-with-dsym";
				ENABLE_NS_ASSERTIONS = NO;
				ENABLE_STRICT_OBJC_MSGSEND = YES;
				GCC_C_LANGUAGE_STANDARD = gnu11;
				GCC_NO_COMMON_BLOCKS = YES;
				GCC_WARN_64_TO_32_BIT_CONVERSION = YES;
				GCC_WARN_ABOUT_RETURN_TYPE = YES_ERROR;
				GCC_WARN_UNDECLARED_SELECTOR = YES;
				GCC_WARN_UNINITIALIZED_AUTOS = YES_AGGRESSIVE;
				GCC_WARN_UNUSED_FUNCTION = YES;
				GCC_WARN_UNUSED_VARIABLE = YES;
				IPHONEOS_DEPLOYMENT_TARGET = 15.2;
				MTL_ENABLE_DEBUG_INFO = NO;
				MTL_FAST_MATH = YES;
				SDKROOT = iphoneos;
				SWIFT_COMPILATION_MODE = wholemodule;
				SWIFT_OPTIMIZATION_LEVEL = "-O";
				VALIDATE_PRODUCT = YES;
			};
			name = Release;
		};
		2D730BC827C7C75D008A9AF6 /* Debug */ = {
			isa = XCBuildConfiguration;
			buildSettings = {
				ASSETCATALOG_COMPILER_APPICON_NAME = AppIcon;
				ASSETCATALOG_COMPILER_GLOBAL_ACCENT_COLOR_NAME = AccentColor;
				CODE_SIGN_STYLE = Automatic;
				CURRENT_PROJECT_VERSION = 1;
				DEVELOPMENT_ASSET_PATHS = "\"CarExmaple/Preview Content\"";
				DEVELOPMENT_TEAM = MW2GYVS5AM;
				ENABLE_PREVIEWS = YES;
				GENERATE_INFOPLIST_FILE = YES;
				INFOPLIST_KEY_UIApplicationSceneManifest_Generation = YES;
				INFOPLIST_KEY_UIApplicationSupportsIndirectInputEvents = YES;
				INFOPLIST_KEY_UILaunchScreen_Generation = YES;
				INFOPLIST_KEY_UISupportedInterfaceOrientations_iPad = "UIInterfaceOrientationPortrait UIInterfaceOrientationPortraitUpsideDown UIInterfaceOrientationLandscapeLeft UIInterfaceOrientationLandscapeRight";
				INFOPLIST_KEY_UISupportedInterfaceOrientations_iPhone = "UIInterfaceOrientationPortrait UIInterfaceOrientationLandscapeLeft UIInterfaceOrientationLandscapeRight";
				LD_RUNPATH_SEARCH_PATHS = (
					"$(inherited)",
					"@executable_path/Frameworks",
				);
				MARKETING_VERSION = 1.0;
				PRODUCT_BUNDLE_IDENTIFIER = com.bootcamp.CarExmaple;
				PRODUCT_NAME = "$(TARGET_NAME)";
				SWIFT_EMIT_LOC_STRINGS = YES;
				SWIFT_VERSION = 5.0;
				TARGETED_DEVICE_FAMILY = "1,2";
			};
			name = Debug;
		};
		2D730BC927C7C75D008A9AF6 /* Release */ = {
			isa = XCBuildConfiguration;
			buildSettings = {
				ASSETCATALOG_COMPILER_APPICON_NAME = AppIcon;
				ASSETCATALOG_COMPILER_GLOBAL_ACCENT_COLOR_NAME = AccentColor;
				CODE_SIGN_STYLE = Automatic;
				CURRENT_PROJECT_VERSION = 1;
				DEVELOPMENT_ASSET_PATHS = "\"CarExmaple/Preview Content\"";
				DEVELOPMENT_TEAM = MW2GYVS5AM;
				ENABLE_PREVIEWS = YES;
				GENERATE_INFOPLIST_FILE = YES;
				INFOPLIST_KEY_UIApplicationSceneManifest_Generation = YES;
				INFOPLIST_KEY_UIApplicationSupportsIndirectInputEvents = YES;
				INFOPLIST_KEY_UILaunchScreen_Generation = YES;
				INFOPLIST_KEY_UISupportedInterfaceOrientations_iPad = "UIInterfaceOrientationPortrait UIInterfaceOrientationPortraitUpsideDown UIInterfaceOrientationLandscapeLeft UIInterfaceOrientationLandscapeRight";
				INFOPLIST_KEY_UISupportedInterfaceOrientations_iPhone = "UIInterfaceOrientationPortrait UIInterfaceOrientationLandscapeLeft UIInterfaceOrientationLandscapeRight";
				LD_RUNPATH_SEARCH_PATHS = (
					"$(inherited)",
					"@executable_path/Frameworks",
				);
				MARKETING_VERSION = 1.0;
				PRODUCT_BUNDLE_IDENTIFIER = com.bootcamp.CarExmaple;
				PRODUCT_NAME = "$(TARGET_NAME)";
				SWIFT_EMIT_LOC_STRINGS = YES;
				SWIFT_VERSION = 5.0;
				TARGETED_DEVICE_FAMILY = "1,2";
			};
			name = Release;
		};
/* End XCBuildConfiguration section */

/* Begin XCConfigurationList section */
		2D730BB427C7C759008A9AF6 /* Build configuration list for PBXProject "CarExmaple" */ = {
			isa = XCConfigurationList;
			buildConfigurations = (
				2D730BC527C7C75D008A9AF6 /* Debug */,
				2D730BC627C7C75D008A9AF6 /* Release */,
			);
			defaultConfigurationIsVisible = 0;
			defaultConfigurationName = Release;
		};
		2D730BC727C7C75D008A9AF6 /* Build configuration list for PBXNativeTarget "CarExmaple" */ = {
			isa = XCConfigurationList;
			buildConfigurations = (
				2D730BC827C7C75D008A9AF6 /* Debug */,
				2D730BC927C7C75D008A9AF6 /* Release */,
			);
			defaultConfigurationIsVisible = 0;
			defaultConfigurationName = Release;
		};
/* End XCConfigurationList section */
	};
	rootObject = 2D730BB127C7C759008A9AF6 /* Project object */;
}
